// !$*UTF8*$!
{
	archiveVersion = 1;
	classes = {
	};
	objectVersion = 46;
	objects = {

/* Begin PBXBuildFile section */
		C0DECF261B1F4FE7001569D1 /* AppDelegate.swift in Sources */ = {isa = PBXBuildFile; fileRef = C0DECF251B1F4FE7001569D1 /* AppDelegate.swift */; };
		C0DECF281B1F4FE7001569D1 /* ViewController.swift in Sources */ = {isa = PBXBuildFile; fileRef = C0DECF271B1F4FE7001569D1 /* ViewController.swift */; };
		C0DECF2B1B1F4FE7001569D1 /* Main.storyboard in Resources */ = {isa = PBXBuildFile; fileRef = C0DECF291B1F4FE7001569D1 /* Main.storyboard */; };
		C0DECF2D1B1F4FE7001569D1 /* Images.xcassets in Resources */ = {isa = PBXBuildFile; fileRef = C0DECF2C1B1F4FE7001569D1 /* Images.xcassets */; };
		C0DECF301B1F4FE7001569D1 /* LaunchScreen.xib in Resources */ = {isa = PBXBuildFile; fileRef = C0DECF2E1B1F4FE7001569D1 /* LaunchScreen.xib */; };
		C0DECF3C1B1F4FE7001569D1 /* JCP_iOSTests.swift in Sources */ = {isa = PBXBuildFile; fileRef = C0DECF3B1B1F4FE7001569D1 /* JCP_iOSTests.swift */; };
/* End PBXBuildFile section */

/* Begin PBXContainerItemProxy section */
		C0DECF361B1F4FE7001569D1 /* PBXContainerItemProxy */ = {
			isa = PBXContainerItemProxy;
			containerPortal = C0DECF181B1F4FE6001569D1 /* Project object */;
			proxyType = 1;
			remoteGlobalIDString = C0DECF1F1B1F4FE6001569D1;
			remoteInfo = "JCP iOS";
		};
/* End PBXContainerItemProxy section */

/* Begin PBXFileReference section */
		C0DECF201B1F4FE6001569D1 /* JCP iOS.app */ = {isa = PBXFileReference; explicitFileType = wrapper.application; includeInIndex = 0; path = "JCP iOS.app"; sourceTree = BUILT_PRODUCTS_DIR; };
		C0DECF241B1F4FE7001569D1 /* Info.plist */ = {isa = PBXFileReference; lastKnownFileType = text.plist.xml; path = Info.plist; sourceTree = "<group>"; };
		C0DECF251B1F4FE7001569D1 /* AppDelegate.swift */ = {isa = PBXFileReference; lastKnownFileType = sourcecode.swift; path = AppDelegate.swift; sourceTree = "<group>"; };
		C0DECF271B1F4FE7001569D1 /* ViewController.swift */ = {isa = PBXFileReference; lastKnownFileType = sourcecode.swift; path = ViewController.swift; sourceTree = "<group>"; };
		C0DECF2A1B1F4FE7001569D1 /* Base */ = {isa = PBXFileReference; lastKnownFileType = file.storyboard; name = Base; path = Base.lproj/Main.storyboard; sourceTree = "<group>"; };
		C0DECF2C1B1F4FE7001569D1 /* Images.xcassets */ = {isa = PBXFileReference; lastKnownFileType = folder.assetcatalog; path = Images.xcassets; sourceTree = "<group>"; };
		C0DECF2F1B1F4FE7001569D1 /* Base */ = {isa = PBXFileReference; lastKnownFileType = file.xib; name = Base; path = Base.lproj/LaunchScreen.xib; sourceTree = "<group>"; };
		C0DECF351B1F4FE7001569D1 /* JCP iOSTests.xctest */ = {isa = PBXFileReference; explicitFileType = wrapper.cfbundle; includeInIndex = 0; path = "JCP iOSTests.xctest"; sourceTree = BUILT_PRODUCTS_DIR; };
		C0DECF3A1B1F4FE7001569D1 /* Info.plist */ = {isa = PBXFileReference; lastKnownFileType = text.plist.xml; path = Info.plist; sourceTree = "<group>"; };
		C0DECF3B1B1F4FE7001569D1 /* JCP_iOSTests.swift */ = {isa = PBXFileReference; lastKnownFileType = sourcecode.swift; path = JCP_iOSTests.swift; sourceTree = "<group>"; };
/* End PBXFileReference section */

/* Begin PBXFrameworksBuildPhase section */
		C0DECF1D1B1F4FE6001569D1 /* Frameworks */ = {
			isa = PBXFrameworksBuildPhase;
			buildActionMask = 2147483647;
			files = (
			);
			runOnlyForDeploymentPostprocessing = 0;
		};
		C0DECF321B1F4FE7001569D1 /* Frameworks */ = {
			isa = PBXFrameworksBuildPhase;
			buildActionMask = 2147483647;
			files = (
			);
			runOnlyForDeploymentPostprocessing = 0;
		};
/* End PBXFrameworksBuildPhase section */

/* Begin PBXGroup section */
		C0DECF171B1F4FE6001569D1 = {
			isa = PBXGroup;
			children = (
				C0DECF221B1F4FE6001569D1 /* JCP iOS */,
				C0DECF381B1F4FE7001569D1 /* JCP iOSTests */,
				C0DECF211B1F4FE6001569D1 /* Products */,
			);
			sourceTree = "<group>";
		};
		C0DECF211B1F4FE6001569D1 /* Products */ = {
			isa = PBXGroup;
			children = (
				C0DECF201B1F4FE6001569D1 /* JCP iOS.app */,
				C0DECF351B1F4FE7001569D1 /* JCP iOSTests.xctest */,
			);
			name = Products;
			sourceTree = "<group>";
		};
		C0DECF221B1F4FE6001569D1 /* JCP iOS */ = {
			isa = PBXGroup;
			children = (
				C0DECF251B1F4FE7001569D1 /* AppDelegate.swift */,
				C0DECF271B1F4FE7001569D1 /* ViewController.swift */,
				C0DECF291B1F4FE7001569D1 /* Main.storyboard */,
				C0DECF2C1B1F4FE7001569D1 /* Images.xcassets */,
				C0DECF2E1B1F4FE7001569D1 /* LaunchScreen.xib */,
				C0DECF231B1F4FE7001569D1 /* Supporting Files */,
			);
			path = "JCP iOS";
			sourceTree = "<group>";
		};
		C0DECF231B1F4FE7001569D1 /* Supporting Files */ = {
			isa = PBXGroup;
			children = (
				C0DECF241B1F4FE7001569D1 /* Info.plist */,
			);
			name = "Supporting Files";
			sourceTree = "<group>";
		};
		C0DECF381B1F4FE7001569D1 /* JCP iOSTests */ = {
			isa = PBXGroup;
			children = (
				C0DECF3B1B1F4FE7001569D1 /* JCP_iOSTests.swift */,
				C0DECF391B1F4FE7001569D1 /* Supporting Files */,
			);
			path = "JCP iOSTests";
			sourceTree = "<group>";
		};
		C0DECF391B1F4FE7001569D1 /* Supporting Files */ = {
			isa = PBXGroup;
			children = (
				C0DECF3A1B1F4FE7001569D1 /* Info.plist */,
			);
			name = "Supporting Files";
			sourceTree = "<group>";
		};
/* End PBXGroup section */

/* Begin PBXNativeTarget section */
		C0DECF1F1B1F4FE6001569D1 /* JCP iOS */ = {
			isa = PBXNativeTarget;
			buildConfigurationList = C0DECF3F1B1F4FE7001569D1 /* Build configuration list for PBXNativeTarget "JCP iOS" */;
			buildPhases = (
				C0DECF1C1B1F4FE6001569D1 /* Sources */,
				C0DECF1D1B1F4FE6001569D1 /* Frameworks */,
				C0DECF1E1B1F4FE6001569D1 /* Resources */,
			);
			buildRules = (
			);
			dependencies = (
			);
			name = "JCP iOS";
			productName = "JCP iOS";
			productReference = C0DECF201B1F4FE6001569D1 /* JCP iOS.app */;
			productType = "com.apple.product-type.application";
		};
		C0DECF341B1F4FE7001569D1 /* JCP iOSTests */ = {
			isa = PBXNativeTarget;
			buildConfigurationList = C0DECF421B1F4FE7001569D1 /* Build configuration list for PBXNativeTarget "JCP iOSTests" */;
			buildPhases = (
				C0DECF311B1F4FE7001569D1 /* Sources */,
				C0DECF321B1F4FE7001569D1 /* Frameworks */,
				C0DECF331B1F4FE7001569D1 /* Resources */,
			);
			buildRules = (
			);
			dependencies = (
				C0DECF371B1F4FE7001569D1 /* PBXTargetDependency */,
			);
			name = "JCP iOSTests";
			productName = "JCP iOSTests";
			productReference = C0DECF351B1F4FE7001569D1 /* JCP iOSTests.xctest */;
			productType = "com.apple.product-type.bundle.unit-test";
		};
/* End PBXNativeTarget section */

/* Begin PBXProject section */
		C0DECF181B1F4FE6001569D1 /* Project object */ = {
			isa = PBXProject;
			attributes = {
				LastUpgradeCheck = 0630;
				ORGANIZATIONNAME = "karan tabrizi";
				TargetAttributes = {
					C0DECF1F1B1F4FE6001569D1 = {
						CreatedOnToolsVersion = 6.3.1;
					};
					C0DECF341B1F4FE7001569D1 = {
						CreatedOnToolsVersion = 6.3.1;
						TestTargetID = C0DECF1F1B1F4FE6001569D1;
					};
				};
			};
			buildConfigurationList = C0DECF1B1B1F4FE6001569D1 /* Build configuration list for PBXProject "JCP iOS" */;
			compatibilityVersion = "Xcode 3.2";
			developmentRegion = English;
			hasScannedForEncodings = 0;
			knownRegions = (
				en,
				Base,
			);
			mainGroup = C0DECF171B1F4FE6001569D1;
			productRefGroup = C0DECF211B1F4FE6001569D1 /* Products */;
			projectDirPath = "";
			projectRoot = "";
			targets = (
				C0DECF1F1B1F4FE6001569D1 /* JCP iOS */,
				C0DECF341B1F4FE7001569D1 /* JCP iOSTests */,
			);
		};
/* End PBXProject section */

/* Begin PBXResourcesBuildPhase section */
		C0DECF1E1B1F4FE6001569D1 /* Resources */ = {
			isa = PBXResourcesBuildPhase;
			buildActionMask = 2147483647;
			files = (
				C0DECF2B1B1F4FE7001569D1 /* Main.storyboard in Resources */,
				C0DECF301B1F4FE7001569D1 /* LaunchScreen.xib in Resources */,
				C0DECF2D1B1F4FE7001569D1 /* Images.xcassets in Resources */,
			);
			runOnlyForDeploymentPostprocessing = 0;
		};
		C0DECF331B1F4FE7001569D1 /* Resources */ = {
			isa = PBXResourcesBuildPhase;
			buildActionMask = 2147483647;
			files = (
			);
			runOnlyForDeploymentPostprocessing = 0;
		};
/* End PBXResourcesBuildPhase section */

/* Begin PBXSourcesBuildPhase section */
		C0DECF1C1B1F4FE6001569D1 /* Sources */ = {
			isa = PBXSourcesBuildPhase;
			buildActionMask = 2147483647;
			files = (
				C0DECF281B1F4FE7001569D1 /* ViewController.swift in Sources */,
				C0DECF261B1F4FE7001569D1 /* AppDelegate.swift in Sources */,
			);
			runOnlyForDeploymentPostprocessing = 0;
		};
		C0DECF311B1F4FE7001569D1 /* Sources */ = {
			isa = PBXSourcesBuildPhase;
			buildActionMask = 2147483647;
			files = (
				C0DECF3C1B1F4FE7001569D1 /* JCP_iOSTests.swift in Sources */,
			);
			runOnlyForDeploymentPostprocessing = 0;
		};
/* End PBXSourcesBuildPhase section */

/* Begin PBXTargetDependency section */
		C0DECF371B1F4FE7001569D1 /* PBXTargetDependency */ = {
			isa = PBXTargetDependency;
			target = C0DECF1F1B1F4FE6001569D1 /* JCP iOS */;
			targetProxy = C0DECF361B1F4FE7001569D1 /* PBXContainerItemProxy */;
		};
/* End PBXTargetDependency section */

/* Begin PBXVariantGroup section */
		C0DECF291B1F4FE7001569D1 /* Main.storyboard */ = {
			isa = PBXVariantGroup;
			children = (
				C0DECF2A1B1F4FE7001569D1 /* Base */,
			);
			name = Main.storyboard;
			sourceTree = "<group>";
		};
		C0DECF2E1B1F4FE7001569D1 /* LaunchScreen.xib */ = {
			isa = PBXVariantGroup;
			children = (
				C0DECF2F1B1F4FE7001569D1 /* Base */,
			);
			name = LaunchScreen.xib;
			sourceTree = "<group>";
		};
/* End PBXVariantGroup section */

/* Begin XCBuildConfiguration section */
		C0DECF3D1B1F4FE7001569D1 /* Debug */ = {
			isa = XCBuildConfiguration;
			buildSettings = {
				ALWAYS_SEARCH_USER_PATHS = NO;
				CLANG_CXX_LANGUAGE_STANDARD = "gnu++0x";
				CLANG_CXX_LIBRARY = "libc++";
				CLANG_ENABLE_MODULES = YES;
				CLANG_ENABLE_OBJC_ARC = YES;
				CLANG_WARN_BOOL_CONVERSION = YES;
				CLANG_WARN_CONSTANT_CONVERSION = YES;
				CLANG_WARN_DIRECT_OBJC_ISA_USAGE = YES_ERROR;
				CLANG_WARN_EMPTY_BODY = YES;
				CLANG_WARN_ENUM_CONVERSION = YES;
				CLANG_WARN_INT_CONVERSION = YES;
				CLANG_WARN_OBJC_ROOT_CLASS = YES_ERROR;
				CLANG_WARN_UNREACHABLE_CODE = YES;
				CLANG_WARN__DUPLICATE_METHOD_MATCH = YES;
				"CODE_SIGN_IDENTITY[sdk=iphoneos*]" = "iPhone Developer";
				COPY_PHASE_STRIP = NO;
				DEBUG_INFORMATION_FORMAT = "dwarf-with-dsym";
				ENABLE_STRICT_OBJC_MSGSEND = YES;
				GCC_C_LANGUAGE_STANDARD = gnu99;
				GCC_DYNAMIC_NO_PIC = NO;
				GCC_NO_COMMON_BLOCKS = YES;
				GCC_OPTIMIZATION_LEVEL = 0;
				GCC_PREPROCESSOR_DEFINITIONS = (
					"DEBUG=1",
					"$(inherited)",
				);
				GCC_SYMBOLS_PRIVATE_EXTERN = NO;
				GCC_WARN_64_TO_32_BIT_CONVERSION = YES;
				GCC_WARN_ABOUT_RETURN_TYPE = YES_ERROR;
				GCC_WARN_UNDECLARED_SELECTOR = YES;
				GCC_WARN_UNINITIALIZED_AUTOS = YES_AGGRESSIVE;
				GCC_WARN_UNUSED_FUNCTION = YES;
				GCC_WARN_UNUSED_VARIABLE = YES;
				IPHONEOS_DEPLOYMENT_TARGET = 8.3;
				MTL_ENABLE_DEBUG_INFO = YES;
				ONLY_ACTIVE_ARCH = YES;
				SDKROOT = iphoneos;
				SWIFT_OPTIMIZATION_LEVEL = "-Onone";
				TARGETED_DEVICE_FAMILY = "1,2";
			};
			name = Debug;
		};
		C0DECF3E1B1F4FE7001569D1 /* Release */ = {
			isa = XCBuildConfiguration;
			buildSettings = {
				ALWAYS_SEARCH_USER_PATHS = NO;
				CLANG_CXX_LANGUAGE_STANDARD = "gnu++0x";
				CLANG_CXX_LIBRARY = "libc++";
				CLANG_ENABLE_MODULES = YES;
				CLANG_ENABLE_OBJC_ARC = YES;
				CLANG_WARN_BOOL_CONVERSION = YES;
				CLANG_WARN_CONSTANT_CONVERSION = YES;
				CLANG_WARN_DIRECT_OBJC_ISA_USAGE = YES_ERROR;
				CLANG_WARN_EMPTY_BODY = YES;
				CLANG_WARN_ENUM_CONVERSION = YES;
				CLANG_WARN_INT_CONVERSION = YES;
				CLANG_WARN_OBJC_ROOT_CLASS = YES_ERROR;
				CLANG_WARN_UNREACHABLE_CODE = YES;
				CLANG_WARN__DUPLICATE_METHOD_MATCH = YES;
				"CODE_SIGN_IDENTITY[sdk=iphoneos*]" = "iPhone Developer";
				COPY_PHASE_STRIP = NO;
				DEBUG_INFORMATION_FORMAT = "dwarf-with-dsym";
				ENABLE_NS_ASSERTIONS = NO;
				ENABLE_STRICT_OBJC_MSGSEND = YES;
				GCC_C_LANGUAGE_STANDARD = gnu99;
				GCC_NO_COMMON_BLOCKS = YES;
				GCC_WARN_64_TO_32_BIT_CONVERSION = YES;
				GCC_WARN_ABOUT_RETURN_TYPE = YES_ERROR;
				GCC_WARN_UNDECLARED_SELECTOR = YES;
				GCC_WARN_UNINITIALIZED_AUTOS = YES_AGGRESSIVE;
				GCC_WARN_UNUSED_FUNCTION = YES;
				GCC_WARN_UNUSED_VARIABLE = YES;
				IPHONEOS_DEPLOYMENT_TARGET = 8.3;
				MTL_ENABLE_DEBUG_INFO = NO;
				SDKROOT = iphoneos;
				TARGETED_DEVICE_FAMILY = "1,2";
				VALIDATE_PRODUCT = YES;
			};
			name = Release;
		};
		C0DECF401B1F4FE7001569D1 /* Debug */ = {
			isa = XCBuildConfiguration;
			buildSettings = {
				ASSETCATALOG_COMPILER_APPICON_NAME = AppIcon;
				INFOPLIST_FILE = "JCP iOS/Info.plist";
				LD_RUNPATH_SEARCH_PATHS = "$(inherited) @executable_path/Frameworks";
				PRODUCT_NAME = "$(TARGET_NAME)";
			};
			name = Debug;
		};
		C0DECF411B1F4FE7001569D1 /* Release */ = {
			isa = XCBuildConfiguration;
			buildSettings = {
				ASSETCATALOG_COMPILER_APPICON_NAME = AppIcon;
				INFOPLIST_FILE = "JCP iOS/Info.plist";
				LD_RUNPATH_SEARCH_PATHS = "$(inherited) @executable_path/Frameworks";
				PRODUCT_NAME = "$(TARGET_NAME)";
			};
			name = Release;
		};
		C0DECF431B1F4FE7001569D1 /* Debug */ = {
			isa = XCBuildConfiguration;
			buildSettings = {
				BUNDLE_LOADER = "$(TEST_HOST)";
				FRAMEWORK_SEARCH_PATHS = (
					"$(SDKROOT)/Developer/Library/Frameworks",
					"$(inherited)",
				);
				GCC_PREPROCESSOR_DEFINITIONS = (
					"DEBUG=1",
					"$(inherited)",
				);
				INFOPLIST_FILE = "JCP iOSTests/Info.plist";
				LD_RUNPATH_SEARCH_PATHS = "$(inherited) @executable_path/Frameworks @loader_path/Frameworks";
				PRODUCT_NAME = "$(TARGET_NAME)";
				TEST_HOST = "$(BUILT_PRODUCTS_DIR)/JCP iOS.app/JCP iOS";
			};
			name = Debug;
		};
		C0DECF441B1F4FE7001569D1 /* Release */ = {
			isa = XCBuildConfiguration;
			buildSettings = {
				BUNDLE_LOADER = "$(TEST_HOST)";
				FRAMEWORK_SEARCH_PATHS = (
					"$(SDKROOT)/Developer/Library/Frameworks",
					"$(inherited)",
				);
				INFOPLIST_FILE = "JCP iOSTests/Info.plist";
				LD_RUNPATH_SEARCH_PATHS = "$(inherited) @executable_path/Frameworks @loader_path/Frameworks";
				PRODUCT_NAME = "$(TARGET_NAME)";
				TEST_HOST = "$(BUILT_PRODUCTS_DIR)/JCP iOS.app/JCP iOS";
			};
			name = Release;
		};
/* End XCBuildConfiguration section */

/* Begin XCConfigurationList section */
		C0DECF1B1B1F4FE6001569D1 /* Build configuration list for PBXProject "JCP iOS" */ = {
			isa = XCConfigurationList;
			buildConfigurations = (
				C0DECF3D1B1F4FE7001569D1 /* Debug */,
				C0DECF3E1B1F4FE7001569D1 /* Release */,
			);
			defaultConfigurationIsVisible = 0;
			defaultConfigurationName = Release;
		};
		C0DECF3F1B1F4FE7001569D1 /* Build configuration list for PBXNativeTarget "JCP iOS" */ = {
			isa = XCConfigurationList;
			buildConfigurations = (
				C0DECF401B1F4FE7001569D1 /* Debug */,
				C0DECF411B1F4FE7001569D1 /* Release */,
			);
			defaultConfigurationIsVisible = 0;
		};
		C0DECF421B1F4FE7001569D1 /* Build configuration list for PBXNativeTarget "JCP iOSTests" */ = {
			isa = XCConfigurationList;
			buildConfigurations = (
				C0DECF431B1F4FE7001569D1 /* Debug */,
				C0DECF441B1F4FE7001569D1 /* Release */,
			);
			defaultConfigurationIsVisible = 0;
		};
/* End XCConfigurationList section */
	};
	rootObject = C0DECF181B1F4FE6001569D1 /* Project object */;
}
